// !$*UTF8*$!
{
	archiveVersion = 1;
	classes = {
	};
	objectVersion = 55;
	objects = {

/* Begin PBXBuildFile section */
		321EFF3F29A77550001EA5DB /* EFCountingLabel in Frameworks */ = {isa = PBXBuildFile; productRef = 321EFF3E29A77550001EA5DB /* EFCountingLabel */; };
		321EFF4329A8B340001EA5DB /* RonysiswadiArchitect4-qZmp2.ttf in Resources */ = {isa = PBXBuildFile; fileRef = 321EFF4229A8B340001EA5DB /* RonysiswadiArchitect4-qZmp2.ttf */; };
		3246E3E029BCBD1500E20F7E /* Launch Screen.storyboard in Resources */ = {isa = PBXBuildFile; fileRef = 3246E3DF29BCBD1500E20F7E /* Launch Screen.storyboard */; };
		324A99FD29A1090B0033F716 /* Vibration.swift in Sources */ = {isa = PBXBuildFile; fileRef = 324A99FC29A1090B0033F716 /* Vibration.swift */; };
		324D9AAC297C20D000B991A2 /* ResumableTimer.swift in Sources */ = {isa = PBXBuildFile; fileRef = 324D9AAB297C20D000B991A2 /* ResumableTimer.swift */; };
		324D9AAE2983E10100B991A2 /* SpaceShop.swift in Sources */ = {isa = PBXBuildFile; fileRef = 324D9AAD2983E10100B991A2 /* SpaceShop.swift */; };
		324D9AB02983E36800B991A2 /* SpaceShop.sks in Resources */ = {isa = PBXBuildFile; fileRef = 324D9AAF2983E36800B991A2 /* SpaceShop.sks */; };
		3255BCF82969DFF800EAF75E /* EvilEnemyBall.swift in Sources */ = {isa = PBXBuildFile; fileRef = 3255BCF72969DFF800EAF75E /* EvilEnemyBall.swift */; };
		3255BCFA2969E05600EAF75E /* Constant.swift in Sources */ = {isa = PBXBuildFile; fileRef = 3255BCF92969E05600EAF75E /* Constant.swift */; };
		32907FE02B95FD990071CD87 /* .gitignore in Resources */ = {isa = PBXBuildFile; fileRef = 32907FDF2B95FD990071CD87 /* .gitignore */; };
		32B0110A29633B9900E8133D /* AppDelegate.swift in Sources */ = {isa = PBXBuildFile; fileRef = 32B0110929633B9900E8133D /* AppDelegate.swift */; };
		32B0110C29633B9900E8133D /* GameScene.sks in Resources */ = {isa = PBXBuildFile; fileRef = 32B0110B29633B9900E8133D /* GameScene.sks */; };
		32B0110E29633B9900E8133D /* Actions.sks in Resources */ = {isa = PBXBuildFile; fileRef = 32B0110D29633B9900E8133D /* Actions.sks */; };
		32B0111029633B9900E8133D /* GameScene.swift in Sources */ = {isa = PBXBuildFile; fileRef = 32B0110F29633B9900E8133D /* GameScene.swift */; };
		32B0111229633B9900E8133D /* GameViewController.swift in Sources */ = {isa = PBXBuildFile; fileRef = 32B0111129633B9900E8133D /* GameViewController.swift */; };
		32B0111529633B9900E8133D /* Main.storyboard in Resources */ = {isa = PBXBuildFile; fileRef = 32B0111329633B9900E8133D /* Main.storyboard */; };
		32B0111729633B9A00E8133D /* Assets.xcassets in Resources */ = {isa = PBXBuildFile; fileRef = 32B0111629633B9A00E8133D /* Assets.xcassets */; };
		32B0111A29633B9A00E8133D /* LaunchScreen.storyboard in Resources */ = {isa = PBXBuildFile; fileRef = 32B0111829633B9A00E8133D /* LaunchScreen.storyboard */; };
		32B0112429633B9A00E8133D /* spritekittestTests.swift in Sources */ = {isa = PBXBuildFile; fileRef = 32B0112329633B9A00E8133D /* spritekittestTests.swift */; };
		32B0112E29633B9A00E8133D /* spritekittestUITests.swift in Sources */ = {isa = PBXBuildFile; fileRef = 32B0112D29633B9A00E8133D /* spritekittestUITests.swift */; };
		32B0113029633B9A00E8133D /* spritekittestUITestsLaunchTests.swift in Sources */ = {isa = PBXBuildFile; fileRef = 32B0112F29633B9A00E8133D /* spritekittestUITestsLaunchTests.swift */; };
		32B0113E29645BFF00E8133D /* Ball.swift in Sources */ = {isa = PBXBuildFile; fileRef = 32B0113D29645BFF00E8133D /* Ball.swift */; };
		32B011422965FBB300E8133D /* EnemyBall.swift in Sources */ = {isa = PBXBuildFile; fileRef = 32B011412965FBB300E8133D /* EnemyBall.swift */; };
		32B0114629660B0800E8133D /* ScoreLabel.swift in Sources */ = {isa = PBXBuildFile; fileRef = 32B0114529660B0800E8133D /* ScoreLabel.swift */; };
		32BBF7B729C9BD2000F6A01E /* RewardedAdHelper.swift in Sources */ = {isa = PBXBuildFile; fileRef = 32BBF7B629C9BD2000F6A01E /* RewardedAdHelper.swift */; };
		32BBF7BA29C9BD6E00F6A01E /* GoogleMobileAds in Frameworks */ = {isa = PBXBuildFile; productRef = 32BBF7B929C9BD6E00F6A01E /* GoogleMobileAds */; };
		32BC740A2987F13D00A2665D /* DeathBall.swift in Sources */ = {isa = PBXBuildFile; fileRef = 32BC74092987F13D00A2665D /* DeathBall.swift */; };
		32BEB14629A2326100EF50BC /* MusicPlayer.swift in Sources */ = {isa = PBXBuildFile; fileRef = 32BEB14529A2326100EF50BC /* MusicPlayer.swift */; };
		32BEB14829A2329300EF50BC /* _audio_awakening.mp3 in Resources */ = {isa = PBXBuildFile; fileRef = 32BEB14729A2329300EF50BC /* _audio_awakening.mp3 */; };
		32BEB14F29A23C2E00EF50BC /* SoundPlayer.swift in Sources */ = {isa = PBXBuildFile; fileRef = 32BEB14E29A23C2E00EF50BC /* SoundPlayer.swift */; };
		32BEB15229A23E7700EF50BC /* button.mp3 in Resources */ = {isa = PBXBuildFile; fileRef = 32BEB15029A23E7700EF50BC /* button.mp3 */; };
		32BEB15329A23E7700EF50BC /* pick.mp3 in Resources */ = {isa = PBXBuildFile; fileRef = 32BEB15129A23E7700EF50BC /* pick.mp3 */; };
		32F2662829A244C8000D1836 /* ideas.txt in Resources */ = {isa = PBXBuildFile; fileRef = 32F2662729A244C8000D1836 /* ideas.txt */; };
/* End PBXBuildFile section */

/* Begin PBXContainerItemProxy section */
		32B0112029633B9A00E8133D /* PBXContainerItemProxy */ = {
			isa = PBXContainerItemProxy;
			containerPortal = 32B010FE29633B9900E8133D /* Project object */;
			proxyType = 1;
			remoteGlobalIDString = 32B0110529633B9900E8133D;
			remoteInfo = spritekittest;
		};
		32B0112A29633B9A00E8133D /* PBXContainerItemProxy */ = {
			isa = PBXContainerItemProxy;
			containerPortal = 32B010FE29633B9900E8133D /* Project object */;
			proxyType = 1;
			remoteGlobalIDString = 32B0110529633B9900E8133D;
			remoteInfo = spritekittest;
		};
/* End PBXContainerItemProxy section */

/* Begin PBXFileReference section */
		321EFF4229A8B340001EA5DB /* RonysiswadiArchitect4-qZmp2.ttf */ = {isa = PBXFileReference; lastKnownFileType = file; path = "RonysiswadiArchitect4-qZmp2.ttf"; sourceTree = "<group>"; };
		3246E3DF29BCBD1500E20F7E /* Launch Screen.storyboard */ = {isa = PBXFileReference; lastKnownFileType = file.storyboard; path = "Launch Screen.storyboard"; sourceTree = "<group>"; };
		324A99FC29A1090B0033F716 /* Vibration.swift */ = {isa = PBXFileReference; lastKnownFileType = sourcecode.swift; path = Vibration.swift; sourceTree = "<group>"; };
		324D9AA829717EA700B991A2 /* Info.plist */ = {isa = PBXFileReference; lastKnownFileType = text.plist.xml; path = Info.plist; sourceTree = "<group>"; };
		324D9AAB297C20D000B991A2 /* ResumableTimer.swift */ = {isa = PBXFileReference; lastKnownFileType = sourcecode.swift; path = ResumableTimer.swift; sourceTree = "<group>"; };
		324D9AAD2983E10100B991A2 /* SpaceShop.swift */ = {isa = PBXFileReference; lastKnownFileType = sourcecode.swift; path = SpaceShop.swift; sourceTree = "<group>"; };
		324D9AAF2983E36800B991A2 /* SpaceShop.sks */ = {isa = PBXFileReference; lastKnownFileType = file.sks; path = SpaceShop.sks; sourceTree = "<group>"; };
		3255BCF72969DFF800EAF75E /* EvilEnemyBall.swift */ = {isa = PBXFileReference; lastKnownFileType = sourcecode.swift; path = EvilEnemyBall.swift; sourceTree = "<group>"; };
		3255BCF92969E05600EAF75E /* Constant.swift */ = {isa = PBXFileReference; lastKnownFileType = sourcecode.swift; path = Constant.swift; sourceTree = "<group>"; };
		32907FDF2B95FD990071CD87 /* .gitignore */ = {isa = PBXFileReference; lastKnownFileType = text; path = .gitignore; sourceTree = "<group>"; };
		32B0110629633B9900E8133D /* spritekittest.app */ = {isa = PBXFileReference; explicitFileType = wrapper.application; includeInIndex = 0; path = spritekittest.app; sourceTree = BUILT_PRODUCTS_DIR; };
		32B0110929633B9900E8133D /* AppDelegate.swift */ = {isa = PBXFileReference; lastKnownFileType = sourcecode.swift; path = AppDelegate.swift; sourceTree = "<group>"; };
		32B0110B29633B9900E8133D /* GameScene.sks */ = {isa = PBXFileReference; lastKnownFileType = file.sks; path = GameScene.sks; sourceTree = "<group>"; };
		32B0110D29633B9900E8133D /* Actions.sks */ = {isa = PBXFileReference; lastKnownFileType = file.sks; path = Actions.sks; sourceTree = "<group>"; };
		32B0110F29633B9900E8133D /* GameScene.swift */ = {isa = PBXFileReference; lastKnownFileType = sourcecode.swift; path = GameScene.swift; sourceTree = "<group>"; };
		32B0111129633B9900E8133D /* GameViewController.swift */ = {isa = PBXFileReference; lastKnownFileType = sourcecode.swift; path = GameViewController.swift; sourceTree = "<group>"; };
		32B0111429633B9900E8133D /* Base */ = {isa = PBXFileReference; lastKnownFileType = file.storyboard; name = Base; path = Base.lproj/Main.storyboard; sourceTree = "<group>"; };
		32B0111629633B9A00E8133D /* Assets.xcassets */ = {isa = PBXFileReference; lastKnownFileType = folder.assetcatalog; path = Assets.xcassets; sourceTree = "<group>"; };
		32B0111929633B9A00E8133D /* Base */ = {isa = PBXFileReference; lastKnownFileType = file.storyboard; name = Base; path = Base.lproj/LaunchScreen.storyboard; sourceTree = "<group>"; };
		32B0111F29633B9A00E8133D /* spritekittestTests.xctest */ = {isa = PBXFileReference; explicitFileType = wrapper.cfbundle; includeInIndex = 0; path = spritekittestTests.xctest; sourceTree = BUILT_PRODUCTS_DIR; };
		32B0112329633B9A00E8133D /* spritekittestTests.swift */ = {isa = PBXFileReference; lastKnownFileType = sourcecode.swift; path = spritekittestTests.swift; sourceTree = "<group>"; };
		32B0112929633B9A00E8133D /* spritekittestUITests.xctest */ = {isa = PBXFileReference; explicitFileType = wrapper.cfbundle; includeInIndex = 0; path = spritekittestUITests.xctest; sourceTree = BUILT_PRODUCTS_DIR; };
		32B0112D29633B9A00E8133D /* spritekittestUITests.swift */ = {isa = PBXFileReference; lastKnownFileType = sourcecode.swift; path = spritekittestUITests.swift; sourceTree = "<group>"; };
		32B0112F29633B9A00E8133D /* spritekittestUITestsLaunchTests.swift */ = {isa = PBXFileReference; lastKnownFileType = sourcecode.swift; path = spritekittestUITestsLaunchTests.swift; sourceTree = "<group>"; };
		32B0113D29645BFF00E8133D /* Ball.swift */ = {isa = PBXFileReference; lastKnownFileType = sourcecode.swift; path = Ball.swift; sourceTree = "<group>"; };
		32B011412965FBB300E8133D /* EnemyBall.swift */ = {isa = PBXFileReference; lastKnownFileType = sourcecode.swift; path = EnemyBall.swift; sourceTree = "<group>"; };
		32B0114529660B0800E8133D /* ScoreLabel.swift */ = {isa = PBXFileReference; lastKnownFileType = sourcecode.swift; path = ScoreLabel.swift; sourceTree = "<group>"; };
		32BBF7B629C9BD2000F6A01E /* RewardedAdHelper.swift */ = {isa = PBXFileReference; lastKnownFileType = sourcecode.swift; path = RewardedAdHelper.swift; sourceTree = "<group>"; };
		32BC74092987F13D00A2665D /* DeathBall.swift */ = {isa = PBXFileReference; lastKnownFileType = sourcecode.swift; path = DeathBall.swift; sourceTree = "<group>"; };
		32BEB14529A2326100EF50BC /* MusicPlayer.swift */ = {isa = PBXFileReference; lastKnownFileType = sourcecode.swift; path = MusicPlayer.swift; sourceTree = "<group>"; };
		32BEB14729A2329300EF50BC /* _audio_awakening.mp3 */ = {isa = PBXFileReference; lastKnownFileType = audio.mp3; path = _audio_awakening.mp3; sourceTree = "<group>"; };
		32BEB14E29A23C2E00EF50BC /* SoundPlayer.swift */ = {isa = PBXFileReference; lastKnownFileType = sourcecode.swift; path = SoundPlayer.swift; sourceTree = "<group>"; };
		32BEB15029A23E7700EF50BC /* button.mp3 */ = {isa = PBXFileReference; lastKnownFileType = audio.mp3; path = button.mp3; sourceTree = "<group>"; };
		32BEB15129A23E7700EF50BC /* pick.mp3 */ = {isa = PBXFileReference; lastKnownFileType = audio.mp3; path = pick.mp3; sourceTree = "<group>"; };
		32F2662729A244C8000D1836 /* ideas.txt */ = {isa = PBXFileReference; fileEncoding = 4; lastKnownFileType = text; path = ideas.txt; sourceTree = "<group>"; };
/* End PBXFileReference section */

/* Begin PBXFrameworksBuildPhase section */
		32B0110329633B9900E8133D /* Frameworks */ = {
			isa = PBXFrameworksBuildPhase;
			buildActionMask = 2147483647;
			files = (
				32BBF7BA29C9BD6E00F6A01E /* GoogleMobileAds in Frameworks */,
				321EFF3F29A77550001EA5DB /* EFCountingLabel in Frameworks */,
			);
			runOnlyForDeploymentPostprocessing = 0;
		};
		32B0111C29633B9A00E8133D /* Frameworks */ = {
			isa = PBXFrameworksBuildPhase;
			buildActionMask = 2147483647;
			files = (
			);
			runOnlyForDeploymentPostprocessing = 0;
		};
		32B0112629633B9A00E8133D /* Frameworks */ = {
			isa = PBXFrameworksBuildPhase;
			buildActionMask = 2147483647;
			files = (
			);
			runOnlyForDeploymentPostprocessing = 0;
		};
/* End PBXFrameworksBuildPhase section */

/* Begin PBXGroup section */
		324D9AA529717D1800B991A2 /* fonts */ = {
			isa = PBXGroup;
			children = (
				321EFF4229A8B340001EA5DB /* RonysiswadiArchitect4-qZmp2.ttf */,
			);
			path = fonts;
			sourceTree = "<group>";
		};
		32B010FD29633B9900E8133D = {
			isa = PBXGroup;
			children = (
				32907FDF2B95FD990071CD87 /* .gitignore */,
				32B0110829633B9900E8133D /* spritekittest */,
				32BEB14929A232E800EF50BC /* Music */,
				3255BCF92969E05600EAF75E /* Constant.swift */,
				324A99FC29A1090B0033F716 /* Vibration.swift */,
				32F2662729A244C8000D1836 /* ideas.txt */,
				32B0110929633B9900E8133D /* AppDelegate.swift */,
				32B0111129633B9900E8133D /* GameViewController.swift */,
				324D9AAD2983E10100B991A2 /* SpaceShop.swift */,
				324D9AAF2983E36800B991A2 /* SpaceShop.sks */,
				32B0110D29633B9900E8133D /* Actions.sks */,
				324D9AA529717D1800B991A2 /* fonts */,
				32B0112229633B9A00E8133D /* spritekittestTests */,
				32B0112C29633B9A00E8133D /* spritekittestUITests */,
				32B0110729633B9900E8133D /* Products */,
			);
			sourceTree = "<group>";
		};
		32B0110729633B9900E8133D /* Products */ = {
			isa = PBXGroup;
			children = (
				32B0110629633B9900E8133D /* spritekittest.app */,
				32B0111F29633B9A00E8133D /* spritekittestTests.xctest */,
				32B0112929633B9A00E8133D /* spritekittestUITests.xctest */,
			);
			name = Products;
			sourceTree = "<group>";
		};
		32B0110829633B9900E8133D /* spritekittest */ = {
			isa = PBXGroup;
			children = (
				324D9AA829717EA700B991A2 /* Info.plist */,
				32B0110B29633B9900E8133D /* GameScene.sks */,
				32B0110F29633B9900E8133D /* GameScene.swift */,
				3246E3DF29BCBD1500E20F7E /* Launch Screen.storyboard */,
				32B0113C29645BD600E8133D /* GameObjects */,
				32B0114029645E8300E8133D /* Assets */,
				32B0113F29645E6E00E8133D /* Views */,
				32BBF7B629C9BD2000F6A01E /* RewardedAdHelper.swift */,
			);
			path = spritekittest;
			sourceTree = "<group>";
		};
		32B0112229633B9A00E8133D /* spritekittestTests */ = {
			isa = PBXGroup;
			children = (
				32B0112329633B9A00E8133D /* spritekittestTests.swift */,
			);
			path = spritekittestTests;
			sourceTree = "<group>";
		};
		32B0112C29633B9A00E8133D /* spritekittestUITests */ = {
			isa = PBXGroup;
			children = (
				32B0112D29633B9A00E8133D /* spritekittestUITests.swift */,
				32B0112F29633B9A00E8133D /* spritekittestUITestsLaunchTests.swift */,
			);
			path = spritekittestUITests;
			sourceTree = "<group>";
		};
		32B0113C29645BD600E8133D /* GameObjects */ = {
			isa = PBXGroup;
			children = (
				32B0113D29645BFF00E8133D /* Ball.swift */,
				32B011412965FBB300E8133D /* EnemyBall.swift */,
				3255BCF72969DFF800EAF75E /* EvilEnemyBall.swift */,
				32BC74092987F13D00A2665D /* DeathBall.swift */,
				32B0114529660B0800E8133D /* ScoreLabel.swift */,
				324D9AAB297C20D000B991A2 /* ResumableTimer.swift */,
			);
			path = GameObjects;
			sourceTree = "<group>";
		};
		32B0113F29645E6E00E8133D /* Views */ = {
			isa = PBXGroup;
			children = (
				32B0111329633B9900E8133D /* Main.storyboard */,
				32B0111829633B9A00E8133D /* LaunchScreen.storyboard */,
			);
			path = Views;
			sourceTree = "<group>";
		};
		32B0114029645E8300E8133D /* Assets */ = {
			isa = PBXGroup;
			children = (
				32B0111629633B9A00E8133D /* Assets.xcassets */,
			);
			path = Assets;
			sourceTree = "<group>";
		};
		32BEB14929A232E800EF50BC /* Music */ = {
			isa = PBXGroup;
			children = (
				32BEB14529A2326100EF50BC /* MusicPlayer.swift */,
				32BEB14E29A23C2E00EF50BC /* SoundPlayer.swift */,
				32BEB15029A23E7700EF50BC /* button.mp3 */,
				32BEB15129A23E7700EF50BC /* pick.mp3 */,
				32BEB14729A2329300EF50BC /* _audio_awakening.mp3 */,
			);
			path = Music;
			sourceTree = "<group>";
		};
/* End PBXGroup section */

/* Begin PBXNativeTarget section */
		32B0110529633B9900E8133D /* spritekittest */ = {
			isa = PBXNativeTarget;
			buildConfigurationList = 32B0113329633B9A00E8133D /* Build configuration list for PBXNativeTarget "spritekittest" */;
			buildPhases = (
				32B0110229633B9900E8133D /* Sources */,
				32B0110329633B9900E8133D /* Frameworks */,
				32B0110429633B9900E8133D /* Resources */,
			);
			buildRules = (
			);
			dependencies = (
			);
			name = spritekittest;
			packageProductDependencies = (
				321EFF3E29A77550001EA5DB /* EFCountingLabel */,
				32BBF7B929C9BD6E00F6A01E /* GoogleMobileAds */,
			);
			productName = spritekittest;
			productReference = 32B0110629633B9900E8133D /* spritekittest.app */;
			productType = "com.apple.product-type.application";
		};
		32B0111E29633B9A00E8133D /* spritekittestTests */ = {
			isa = PBXNativeTarget;
			buildConfigurationList = 32B0113629633B9A00E8133D /* Build configuration list for PBXNativeTarget "spritekittestTests" */;
			buildPhases = (
				32B0111B29633B9A00E8133D /* Sources */,
				32B0111C29633B9A00E8133D /* Frameworks */,
				32B0111D29633B9A00E8133D /* Resources */,
			);
			buildRules = (
			);
			dependencies = (
				32B0112129633B9A00E8133D /* PBXTargetDependency */,
			);
			name = spritekittestTests;
			productName = spritekittestTests;
			productReference = 32B0111F29633B9A00E8133D /* spritekittestTests.xctest */;
			productType = "com.apple.product-type.bundle.unit-test";
		};
		32B0112829633B9A00E8133D /* spritekittestUITests */ = {
			isa = PBXNativeTarget;
			buildConfigurationList = 32B0113929633B9A00E8133D /* Build configuration list for PBXNativeTarget "spritekittestUITests" */;
			buildPhases = (
				32B0112529633B9A00E8133D /* Sources */,
				32B0112629633B9A00E8133D /* Frameworks */,
				32B0112729633B9A00E8133D /* Resources */,
			);
			buildRules = (
			);
			dependencies = (
				32B0112B29633B9A00E8133D /* PBXTargetDependency */,
			);
			name = spritekittestUITests;
			productName = spritekittestUITests;
			productReference = 32B0112929633B9A00E8133D /* spritekittestUITests.xctest */;
			productType = "com.apple.product-type.bundle.ui-testing";
		};
/* End PBXNativeTarget section */

/* Begin PBXProject section */
		32B010FE29633B9900E8133D /* Project object */ = {
			isa = PBXProject;
			attributes = {
				BuildIndependentTargetsInParallel = 1;
				LastSwiftUpdateCheck = 1340;
				LastUpgradeCheck = 1340;
				TargetAttributes = {
					32B0110529633B9900E8133D = {
						CreatedOnToolsVersion = 13.4.1;
					};
					32B0111E29633B9A00E8133D = {
						CreatedOnToolsVersion = 13.4.1;
						TestTargetID = 32B0110529633B9900E8133D;
					};
					32B0112829633B9A00E8133D = {
						CreatedOnToolsVersion = 13.4.1;
						TestTargetID = 32B0110529633B9900E8133D;
					};
				};
			};
			buildConfigurationList = 32B0110129633B9900E8133D /* Build configuration list for PBXProject "spritekittest" */;
			compatibilityVersion = "Xcode 13.0";
			developmentRegion = en;
			hasScannedForEncodings = 0;
			knownRegions = (
				en,
				Base,
			);
			mainGroup = 32B010FD29633B9900E8133D;
			packageReferences = (
				321EFF3D29A77550001EA5DB /* XCRemoteSwiftPackageReference "EFCountingLabel" */,
				32BBF7B829C9BD6E00F6A01E /* XCRemoteSwiftPackageReference "swift-package-manager-google-mobile-ads" */,
			);
			productRefGroup = 32B0110729633B9900E8133D /* Products */;
			projectDirPath = "";
			projectRoot = "";
			targets = (
				32B0110529633B9900E8133D /* spritekittest */,
				32B0111E29633B9A00E8133D /* spritekittestTests */,
				32B0112829633B9A00E8133D /* spritekittestUITests */,
			);
		};
/* End PBXProject section */

/* Begin PBXResourcesBuildPhase section */
		32B0110429633B9900E8133D /* Resources */ = {
			isa = PBXResourcesBuildPhase;
			buildActionMask = 2147483647;
			files = (
				32B0111529633B9900E8133D /* Main.storyboard in Resources */,
				321EFF4329A8B340001EA5DB /* RonysiswadiArchitect4-qZmp2.ttf in Resources */,
				32BEB15329A23E7700EF50BC /* pick.mp3 in Resources */,
				32B0110C29633B9900E8133D /* GameScene.sks in Resources */,
				324D9AB02983E36800B991A2 /* SpaceShop.sks in Resources */,
				32F2662829A244C8000D1836 /* ideas.txt in Resources */,
				3246E3E029BCBD1500E20F7E /* Launch Screen.storyboard in Resources */,
				32B0111729633B9A00E8133D /* Assets.xcassets in Resources */,
				32B0111A29633B9A00E8133D /* LaunchScreen.storyboard in Resources */,
				32B0110E29633B9900E8133D /* Actions.sks in Resources */,
				32BEB15229A23E7700EF50BC /* button.mp3 in Resources */,
				32907FE02B95FD990071CD87 /* .gitignore in Resources */,
				32BEB14829A2329300EF50BC /* _audio_awakening.mp3 in Resources */,
			);
			runOnlyForDeploymentPostprocessing = 0;
		};
		32B0111D29633B9A00E8133D /* Resources */ = {
			isa = PBXResourcesBuildPhase;
			buildActionMask = 2147483647;
			files = (
			);
			runOnlyForDeploymentPostprocessing = 0;
		};
		32B0112729633B9A00E8133D /* Resources */ = {
			isa = PBXResourcesBuildPhase;
			buildActionMask = 2147483647;
			files = (
			);
			runOnlyForDeploymentPostprocessing = 0;
		};
/* End PBXResourcesBuildPhase section */

/* Begin PBXSourcesBuildPhase section */
		32B0110229633B9900E8133D /* Sources */ = {
			isa = PBXSourcesBuildPhase;
			buildActionMask = 2147483647;
			files = (
				32BBF7B729C9BD2000F6A01E /* RewardedAdHelper.swift in Sources */,
				32B0113E29645BFF00E8133D /* Ball.swift in Sources */,
				32B0114629660B0800E8133D /* ScoreLabel.swift in Sources */,
				32B0111029633B9900E8133D /* GameScene.swift in Sources */,
				3255BCFA2969E05600EAF75E /* Constant.swift in Sources */,
				32BEB14629A2326100EF50BC /* MusicPlayer.swift in Sources */,
				32B011422965FBB300E8133D /* EnemyBall.swift in Sources */,
				32B0111229633B9900E8133D /* GameViewController.swift in Sources */,
				324D9AAC297C20D000B991A2 /* ResumableTimer.swift in Sources */,
				32B0110A29633B9900E8133D /* AppDelegate.swift in Sources */,
				324D9AAE2983E10100B991A2 /* SpaceShop.swift in Sources */,
				32BEB14F29A23C2E00EF50BC /* SoundPlayer.swift in Sources */,
				3255BCF82969DFF800EAF75E /* EvilEnemyBall.swift in Sources */,
				324A99FD29A1090B0033F716 /* Vibration.swift in Sources */,
				32BC740A2987F13D00A2665D /* DeathBall.swift in Sources */,
			);
			runOnlyForDeploymentPostprocessing = 0;
		};
		32B0111B29633B9A00E8133D /* Sources */ = {
			isa = PBXSourcesBuildPhase;
			buildActionMask = 2147483647;
			files = (
				32B0112429633B9A00E8133D /* spritekittestTests.swift in Sources */,
			);
			runOnlyForDeploymentPostprocessing = 0;
		};
		32B0112529633B9A00E8133D /* Sources */ = {
			isa = PBXSourcesBuildPhase;
			buildActionMask = 2147483647;
			files = (
				32B0113029633B9A00E8133D /* spritekittestUITestsLaunchTests.swift in Sources */,
				32B0112E29633B9A00E8133D /* spritekittestUITests.swift in Sources */,
			);
			runOnlyForDeploymentPostprocessing = 0;
		};
/* End PBXSourcesBuildPhase section */

/* Begin PBXTargetDependency section */
		32B0112129633B9A00E8133D /* PBXTargetDependency */ = {
			isa = PBXTargetDependency;
			target = 32B0110529633B9900E8133D /* spritekittest */;
			targetProxy = 32B0112029633B9A00E8133D /* PBXContainerItemProxy */;
		};
		32B0112B29633B9A00E8133D /* PBXTargetDependency */ = {
			isa = PBXTargetDependency;
			target = 32B0110529633B9900E8133D /* spritekittest */;
			targetProxy = 32B0112A29633B9A00E8133D /* PBXContainerItemProxy */;
		};
/* End PBXTargetDependency section */

/* Begin PBXVariantGroup section */
		32B0111329633B9900E8133D /* Main.storyboard */ = {
			isa = PBXVariantGroup;
			children = (
				32B0111429633B9900E8133D /* Base */,
			);
			name = Main.storyboard;
			sourceTree = "<group>";
		};
		32B0111829633B9A00E8133D /* LaunchScreen.storyboard */ = {
			isa = PBXVariantGroup;
			children = (
				32B0111929633B9A00E8133D /* Base */,
			);
			name = LaunchScreen.storyboard;
			sourceTree = "<group>";
		};
/* End PBXVariantGroup section */

/* Begin XCBuildConfiguration section */
		32B0113129633B9A00E8133D /* Debug */ = {
			isa = XCBuildConfiguration;
			buildSettings = {
				ALWAYS_SEARCH_USER_PATHS = NO;
				CLANG_ANALYZER_NONNULL = YES;
				CLANG_ANALYZER_NUMBER_OBJECT_CONVERSION = YES_AGGRESSIVE;
				CLANG_CXX_LANGUAGE_STANDARD = "gnu++17";
				CLANG_ENABLE_MODULES = YES;
				CLANG_ENABLE_OBJC_ARC = YES;
				CLANG_ENABLE_OBJC_WEAK = YES;
				CLANG_WARN_BLOCK_CAPTURE_AUTORELEASING = YES;
				CLANG_WARN_BOOL_CONVERSION = YES;
				CLANG_WARN_COMMA = YES;
				CLANG_WARN_CONSTANT_CONVERSION = YES;
				CLANG_WARN_DEPRECATED_OBJC_IMPLEMENTATIONS = YES;
				CLANG_WARN_DIRECT_OBJC_ISA_USAGE = YES_ERROR;
				CLANG_WARN_DOCUMENTATION_COMMENTS = YES;
				CLANG_WARN_EMPTY_BODY = YES;
				CLANG_WARN_ENUM_CONVERSION = YES;
				CLANG_WARN_INFINITE_RECURSION = YES;
				CLANG_WARN_INT_CONVERSION = YES;
				CLANG_WARN_NON_LITERAL_NULL_CONVERSION = YES;
				CLANG_WARN_OBJC_IMPLICIT_RETAIN_SELF = YES;
				CLANG_WARN_OBJC_LITERAL_CONVERSION = YES;
				CLANG_WARN_OBJC_ROOT_CLASS = YES_ERROR;
				CLANG_WARN_QUOTED_INCLUDE_IN_FRAMEWORK_HEADER = YES;
				CLANG_WARN_RANGE_LOOP_ANALYSIS = YES;
				CLANG_WARN_STRICT_PROTOTYPES = YES;
				CLANG_WARN_SUSPICIOUS_MOVE = YES;
				CLANG_WARN_UNGUARDED_AVAILABILITY = YES_AGGRESSIVE;
				CLANG_WARN_UNREACHABLE_CODE = YES;
				CLANG_WARN__DUPLICATE_METHOD_MATCH = YES;
				COPY_PHASE_STRIP = NO;
				DEBUG_INFORMATION_FORMAT = dwarf;
				ENABLE_STRICT_OBJC_MSGSEND = YES;
				ENABLE_TESTABILITY = YES;
				GCC_C_LANGUAGE_STANDARD = gnu11;
				GCC_DYNAMIC_NO_PIC = NO;
				GCC_NO_COMMON_BLOCKS = YES;
				GCC_OPTIMIZATION_LEVEL = 0;
				GCC_PREPROCESSOR_DEFINITIONS = (
					"DEBUG=1",
					"$(inherited)",
				);
				GCC_WARN_64_TO_32_BIT_CONVERSION = YES;
				GCC_WARN_ABOUT_RETURN_TYPE = YES_ERROR;
				GCC_WARN_UNDECLARED_SELECTOR = YES;
				GCC_WARN_UNINITIALIZED_AUTOS = YES_AGGRESSIVE;
				GCC_WARN_UNUSED_FUNCTION = YES;
				GCC_WARN_UNUSED_VARIABLE = YES;
				IPHONEOS_DEPLOYMENT_TARGET = 15.5;
				MTL_ENABLE_DEBUG_INFO = INCLUDE_SOURCE;
				MTL_FAST_MATH = YES;
				ONLY_ACTIVE_ARCH = YES;
				SDKROOT = iphoneos;
				SWIFT_ACTIVE_COMPILATION_CONDITIONS = DEBUG;
				SWIFT_OPTIMIZATION_LEVEL = "-Onone";
			};
			name = Debug;
		};
		32B0113229633B9A00E8133D /* Release */ = {
			isa = XCBuildConfiguration;
			buildSettings = {
				ALWAYS_SEARCH_USER_PATHS = NO;
				CLANG_ANALYZER_NONNULL = YES;
				CLANG_ANALYZER_NUMBER_OBJECT_CONVERSION = YES_AGGRESSIVE;
				CLANG_CXX_LANGUAGE_STANDARD = "gnu++17";
				CLANG_ENABLE_MODULES = YES;
				CLANG_ENABLE_OBJC_ARC = YES;
				CLANG_ENABLE_OBJC_WEAK = YES;
				CLANG_WARN_BLOCK_CAPTURE_AUTORELEASING = YES;
				CLANG_WARN_BOOL_CONVERSION = YES;
				CLANG_WARN_COMMA = YES;
				CLANG_WARN_CONSTANT_CONVERSION = YES;
				CLANG_WARN_DEPRECATED_OBJC_IMPLEMENTATIONS = YES;
				CLANG_WARN_DIRECT_OBJC_ISA_USAGE = YES_ERROR;
				CLANG_WARN_DOCUMENTATION_COMMENTS = YES;
				CLANG_WARN_EMPTY_BODY = YES;
				CLANG_WARN_ENUM_CONVERSION = YES;
				CLANG_WARN_INFINITE_RECURSION = YES;
				CLANG_WARN_INT_CONVERSION = YES;
				CLANG_WARN_NON_LITERAL_NULL_CONVERSION = YES;
				CLANG_WARN_OBJC_IMPLICIT_RETAIN_SELF = YES;
				CLANG_WARN_OBJC_LITERAL_CONVERSION = YES;
				CLANG_WARN_OBJC_ROOT_CLASS = YES_ERROR;
				CLANG_WARN_QUOTED_INCLUDE_IN_FRAMEWORK_HEADER = YES;
				CLANG_WARN_RANGE_LOOP_ANALYSIS = YES;
				CLANG_WARN_STRICT_PROTOTYPES = YES;
				CLANG_WARN_SUSPICIOUS_MOVE = YES;
				CLANG_WARN_UNGUARDED_AVAILABILITY = YES_AGGRESSIVE;
				CLANG_WARN_UNREACHABLE_CODE = YES;
				CLANG_WARN__DUPLICATE_METHOD_MATCH = YES;
				COPY_PHASE_STRIP = NO;
				DEBUG_INFORMATION_FORMAT = "dwarf-with-dsym";
				ENABLE_NS_ASSERTIONS = NO;
				ENABLE_STRICT_OBJC_MSGSEND = YES;
				GCC_C_LANGUAGE_STANDARD = gnu11;
				GCC_NO_COMMON_BLOCKS = YES;
				GCC_WARN_64_TO_32_BIT_CONVERSION = YES;
				GCC_WARN_ABOUT_RETURN_TYPE = YES_ERROR;
				GCC_WARN_UNDECLARED_SELECTOR = YES;
				GCC_WARN_UNINITIALIZED_AUTOS = YES_AGGRESSIVE;
				GCC_WARN_UNUSED_FUNCTION = YES;
				GCC_WARN_UNUSED_VARIABLE = YES;
				IPHONEOS_DEPLOYMENT_TARGET = 15.5;
				MTL_ENABLE_DEBUG_INFO = NO;
				MTL_FAST_MATH = YES;
				SDKROOT = iphoneos;
				SWIFT_COMPILATION_MODE = wholemodule;
				SWIFT_OPTIMIZATION_LEVEL = "-O";
				VALIDATE_PRODUCT = YES;
			};
			name = Release;
		};
		32B0113429633B9A00E8133D /* Debug */ = {
			isa = XCBuildConfiguration;
			buildSettings = {
				ASSETCATALOG_COMPILER_APPICON_NAME = AppIcon;
				ASSETCATALOG_COMPILER_GLOBAL_ACCENT_COLOR_NAME = AccentColor;
				CODE_SIGN_STYLE = Automatic;
				CURRENT_PROJECT_VERSION = 1;
				DEVELOPMENT_TEAM = N6A8BRPCP5;
				GENERATE_INFOPLIST_FILE = YES;
				INFOPLIST_FILE = spritekittest/Info.plist;
				INFOPLIST_KEY_CFBundleDisplayName = "Save Uranus!";
				INFOPLIST_KEY_UIApplicationSupportsIndirectInputEvents = YES;
				INFOPLIST_KEY_UILaunchStoryboardName = "Launch Screen.storyboard";
				INFOPLIST_KEY_UIMainStoryboardFile = Main;
				INFOPLIST_KEY_UIStatusBarHidden = YES;
				INFOPLIST_KEY_UISupportedInterfaceOrientations_iPad = "UIInterfaceOrientationPortrait UIInterfaceOrientationPortraitUpsideDown UIInterfaceOrientationLandscapeLeft UIInterfaceOrientationLandscapeRight";
				INFOPLIST_KEY_UISupportedInterfaceOrientations_iPhone = "UIInterfaceOrientationPortrait UIInterfaceOrientationLandscapeLeft UIInterfaceOrientationLandscapeRight";
				IPHONEOS_DEPLOYMENT_TARGET = 14.0;
				LD_RUNPATH_SEARCH_PATHS = (
					"$(inherited)",
					"@executable_path/Frameworks",
				);
				MARKETING_VERSION = 1.0;
				PRODUCT_BUNDLE_IDENTIFIER = identifier1111;
				PRODUCT_NAME = "$(TARGET_NAME)";
				SWIFT_EMIT_LOC_STRINGS = YES;
				SWIFT_VERSION = 5.0;
				TARGETED_DEVICE_FAMILY = "1,2";
			};
			name = Debug;
		};
		32B0113529633B9A00E8133D /* Release */ = {
			isa = XCBuildConfiguration;
			buildSettings = {
				ASSETCATALOG_COMPILER_APPICON_NAME = AppIcon;
				ASSETCATALOG_COMPILER_GLOBAL_ACCENT_COLOR_NAME = AccentColor;
				CODE_SIGN_STYLE = Automatic;
				CURRENT_PROJECT_VERSION = 1;
				DEVELOPMENT_TEAM = N6A8BRPCP5;
				GENERATE_INFOPLIST_FILE = YES;
				INFOPLIST_FILE = spritekittest/Info.plist;
				INFOPLIST_KEY_CFBundleDisplayName = "Save Uranus!";
				INFOPLIST_KEY_UIApplicationSupportsIndirectInputEvents = YES;
				INFOPLIST_KEY_UILaunchStoryboardName = "Launch Screen.storyboard";
				INFOPLIST_KEY_UIMainStoryboardFile = Main;
				INFOPLIST_KEY_UIStatusBarHidden = YES;
				INFOPLIST_KEY_UISupportedInterfaceOrientations_iPad = "UIInterfaceOrientationPortrait UIInterfaceOrientationPortraitUpsideDown UIInterfaceOrientationLandscapeLeft UIInterfaceOrientationLandscapeRight";
				INFOPLIST_KEY_UISupportedInterfaceOrientations_iPhone = "UIInterfaceOrientationPortrait UIInterfaceOrientationLandscapeLeft UIInterfaceOrientationLandscapeRight";
				IPHONEOS_DEPLOYMENT_TARGET = 14.0;
				LD_RUNPATH_SEARCH_PATHS = (
					"$(inherited)",
					"@executable_path/Frameworks",
				);
				MARKETING_VERSION = 1.0;
				ONLY_ACTIVE_ARCH = NO;
				PRODUCT_BUNDLE_IDENTIFIER = identifier1111;
				PRODUCT_NAME = "$(TARGET_NAME)";
				SWIFT_EMIT_LOC_STRINGS = YES;
				SWIFT_VERSION = 5.0;
				TARGETED_DEVICE_FAMILY = "1,2";
			};
			name = Release;
		};
		32B0113729633B9A00E8133D /* Debug */ = {
			isa = XCBuildConfiguration;
			buildSettings = {
				ALWAYS_EMBED_SWIFT_STANDARD_LIBRARIES = YES;
				BUNDLE_LOADER = "$(TEST_HOST)";
				CODE_SIGN_STYLE = Automatic;
				CURRENT_PROJECT_VERSION = 1;
				GENERATE_INFOPLIST_FILE = YES;
				IPHONEOS_DEPLOYMENT_TARGET = 15.5;
				MARKETING_VERSION = 1.0;
				PRODUCT_BUNDLE_IDENTIFIER = "-.spritekittestTests";
				PRODUCT_NAME = "$(TARGET_NAME)";
				SWIFT_EMIT_LOC_STRINGS = NO;
				SWIFT_VERSION = 5.0;
				TARGETED_DEVICE_FAMILY = "1,2";
				TEST_HOST = "$(BUILT_PRODUCTS_DIR)/spritekittest.app/spritekittest";
			};
			name = Debug;
		};
		32B0113829633B9A00E8133D /* Release */ = {
			isa = XCBuildConfiguration;
			buildSettings = {
				ALWAYS_EMBED_SWIFT_STANDARD_LIBRARIES = YES;
				BUNDLE_LOADER = "$(TEST_HOST)";
				CODE_SIGN_STYLE = Automatic;
				CURRENT_PROJECT_VERSION = 1;
				GENERATE_INFOPLIST_FILE = YES;
				IPHONEOS_DEPLOYMENT_TARGET = 15.5;
				MARKETING_VERSION = 1.0;
				PRODUCT_BUNDLE_IDENTIFIER = "-.spritekittestTests";
				PRODUCT_NAME = "$(TARGET_NAME)";
				SWIFT_EMIT_LOC_STRINGS = NO;
				SWIFT_VERSION = 5.0;
				TARGETED_DEVICE_FAMILY = "1,2";
				TEST_HOST = "$(BUILT_PRODUCTS_DIR)/spritekittest.app/spritekittest";
			};
			name = Release;
		};
		32B0113A29633B9A00E8133D /* Debug */ = {
			isa = XCBuildConfiguration;
			buildSettings = {
				ALWAYS_EMBED_SWIFT_STANDARD_LIBRARIES = YES;
				CODE_SIGN_STYLE = Automatic;
				CURRENT_PROJECT_VERSION = 1;
				GENERATE_INFOPLIST_FILE = YES;
				MARKETING_VERSION = 1.0;
				PRODUCT_BUNDLE_IDENTIFIER = "-.spritekittestUITests";
				PRODUCT_NAME = "$(TARGET_NAME)";
				SWIFT_EMIT_LOC_STRINGS = NO;
				SWIFT_VERSION = 5.0;
				TARGETED_DEVICE_FAMILY = "1,2";
				TEST_TARGET_NAME = spritekittest;
			};
			name = Debug;
		};
		32B0113B29633B9A00E8133D /* Release */ = {
			isa = XCBuildConfiguration;
			buildSettings = {
				ALWAYS_EMBED_SWIFT_STANDARD_LIBRARIES = YES;
				CODE_SIGN_STYLE = Automatic;
				CURRENT_PROJECT_VERSION = 1;
				GENERATE_INFOPLIST_FILE = YES;
				MARKETING_VERSION = 1.0;
				PRODUCT_BUNDLE_IDENTIFIER = "-.spritekittestUITests";
				PRODUCT_NAME = "$(TARGET_NAME)";
				SWIFT_EMIT_LOC_STRINGS = NO;
				SWIFT_VERSION = 5.0;
				TARGETED_DEVICE_FAMILY = "1,2";
				TEST_TARGET_NAME = spritekittest;
			};
			name = Release;
		};
/* End XCBuildConfiguration section */

/* Begin XCConfigurationList section */
		32B0110129633B9900E8133D /* Build configuration list for PBXProject "spritekittest" */ = {
			isa = XCConfigurationList;
			buildConfigurations = (
				32B0113129633B9A00E8133D /* Debug */,
				32B0113229633B9A00E8133D /* Release */,
			);
			defaultConfigurationIsVisible = 0;
			defaultConfigurationName = Release;
		};
		32B0113329633B9A00E8133D /* Build configuration list for PBXNativeTarget "spritekittest" */ = {
			isa = XCConfigurationList;
			buildConfigurations = (
				32B0113429633B9A00E8133D /* Debug */,
				32B0113529633B9A00E8133D /* Release */,
			);
			defaultConfigurationIsVisible = 0;
			defaultConfigurationName = Release;
		};
		32B0113629633B9A00E8133D /* Build configuration list for PBXNativeTarget "spritekittestTests" */ = {
			isa = XCConfigurationList;
			buildConfigurations = (
				32B0113729633B9A00E8133D /* Debug */,
				32B0113829633B9A00E8133D /* Release */,
			);
			defaultConfigurationIsVisible = 0;
			defaultConfigurationName = Release;
		};
		32B0113929633B9A00E8133D /* Build configuration list for PBXNativeTarget "spritekittestUITests" */ = {
			isa = XCConfigurationList;
			buildConfigurations = (
				32B0113A29633B9A00E8133D /* Debug */,
				32B0113B29633B9A00E8133D /* Release */,
			);
			defaultConfigurationIsVisible = 0;
			defaultConfigurationName = Release;
		};
/* End XCConfigurationList section */

/* Begin XCRemoteSwiftPackageReference section */
		321EFF3D29A77550001EA5DB /* XCRemoteSwiftPackageReference "EFCountingLabel" */ = {
			isa = XCRemoteSwiftPackageReference;
			repositoryURL = "https://github.com/EFPrefix/EFCountingLabel.git";
			requirement = {
				kind = upToNextMajorVersion;
				minimumVersion = 5.0.0;
			};
		};
		32BBF7B829C9BD6E00F6A01E /* XCRemoteSwiftPackageReference "swift-package-manager-google-mobile-ads" */ = {
			isa = XCRemoteSwiftPackageReference;
			repositoryURL = "https://github.com/googleads/swift-package-manager-google-mobile-ads.git";
			requirement = {
				kind = upToNextMajorVersion;
				minimumVersion = 9.0.0;
			};
		};
/* End XCRemoteSwiftPackageReference section */

/* Begin XCSwiftPackageProductDependency section */
		321EFF3E29A77550001EA5DB /* EFCountingLabel */ = {
			isa = XCSwiftPackageProductDependency;
			package = 321EFF3D29A77550001EA5DB /* XCRemoteSwiftPackageReference "EFCountingLabel" */;
			productName = EFCountingLabel;
		};
		32BBF7B929C9BD6E00F6A01E /* GoogleMobileAds */ = {
			isa = XCSwiftPackageProductDependency;
			package = 32BBF7B829C9BD6E00F6A01E /* XCRemoteSwiftPackageReference "swift-package-manager-google-mobile-ads" */;
			productName = GoogleMobileAds;
		};
/* End XCSwiftPackageProductDependency section */
	};
	rootObject = 32B010FE29633B9900E8133D /* Project object */;
}
